
Microsoft Visual Studio Solution File, Format Version 12.00
# Visual Studio 2013
VisualStudioVersion = 12.0.21005.1
MinimumVisualStudioVersion = 10.0.40219.1
Project("{FAE04EC0-301F-11D3-BF4B-00C04F79EFBC}") = "GAPS.TSC.Consillium", "GAPS.TSC.Consillium\GAPS.TSC.Consillium.csproj", "{E433F8FD-B40E-4FFF-940D-46C62771E133}"
EndProject
Project("{2150E333-8FDC-42A3-9474-1A3956D46DE8}") = "Business", "Business", "{AA73F17D-9470-4BBD-97CA-A8FBAA915910}"
EndProject
Project("{2150E333-8FDC-42A3-9474-1A3956D46DE8}") = "Common", "Common", "{512C360D-E0A5-472A-913D-20EA0D4C82A0}"
EndProject
Project("{2150E333-8FDC-42A3-9474-1A3956D46DE8}") = "Data", "Data", "{2F851B93-CF71-4FC3-B264-2755F88BF661}"
EndProject
Project("{2150E333-8FDC-42A3-9474-1A3956D46DE8}") = "UI", "UI", "{3F1BFCA9-A884-4AE2-90C3-0C42400B77FF}"
EndProject
Project("{FAE04EC0-301F-11D3-BF4B-00C04F79EFBC}") = "GAPS.TSC.CONS.Services", "GAPS.TSC.CONSILLIUM.Services\GAPS.TSC.CONS.Services.csproj", "{CEBA4A1D-9468-4020-A7B5-7A4A83250567}"
EndProject
Project("{FAE04EC0-301F-11D3-BF4B-00C04F79EFBC}") = "GAPS.TSC.CONS.Jobs", "GAPS.TSC.CONSILLIUM.Jobs\GAPS.TSC.CONS.Jobs.csproj", "{0C907EAF-7993-40D8-A022-938E01F7A4F9}"
EndProject
Project("{FAE04EC0-301F-11D3-BF4B-00C04F79EFBC}") = "GAPS.TSC.CONS.Util", "GAPS.TSC.CONSILLIUM.Util\GAPS.TSC.CONS.Util.csproj", "{E365E76C-D34F-4594-B024-081FEFB337F0}"
EndProject
Project("{FAE04EC0-301F-11D3-BF4B-00C04F79EFBC}") = "GAPS.TSC.CONS.DI", "GAPS.TSC.CONSILLIUM.DI\GAPS.TSC.CONS.DI.csproj", "{72EA3383-4EFD-4BAF-BA67-2467CDAB3E54}"
EndProject
Project("{FAE04EC0-301F-11D3-BF4B-00C04F79EFBC}") = "GAPS.TSC.CONS.Domain", "GAPS.TSC.CONS.Domain\GAPS.TSC.CONS.Domain.csproj", "{56A00526-940F-408A-964E-19DD5E26EAE9}"
EndProject
Project("{FAE04EC0-301F-11D3-BF4B-00C04F79EFBC}") = "GAPS.TSC.CONS.Repositories", "GAPS.TSC.CONS.Repositories\GAPS.TSC.CONS.Repositories.csproj", "{CAB18D5E-0EDF-4A0B-997C-B36E3F8AA686}"
EndProject
Project("{2150E333-8FDC-42A3-9474-1A3956D46DE8}") = ".nuget", ".nuget", "{B2F6624B-9A45-4D76-B4C0-EA6594BEE730}"
	ProjectSection(SolutionItems) = preProject
		.nuget\NuGet.Config = .nuget\NuGet.Config
		.nuget\NuGet.exe = .nuget\NuGet.exe
		.nuget\NuGet.targets = .nuget\NuGet.targets
	EndProjectSection
EndProject
Global
	GlobalSection(SolutionConfigurationPlatforms) = preSolution
		Debug|Any CPU = Debug|Any CPU
		Release|Any CPU = Release|Any CPU
	EndGlobalSection
	GlobalSection(ProjectConfigurationPlatforms) = postSolution
		{E433F8FD-B40E-4FFF-940D-46C62771E133}.Debug|Any CPU.ActiveCfg = Debug|Any CPU
		{E433F8FD-B40E-4FFF-940D-46C62771E133}.Debug|Any CPU.Build.0 = Debug|Any CPU
		{E433F8FD-B40E-4FFF-940D-46C62771E133}.Release|Any CPU.ActiveCfg = Release|Any CPU
		{E433F8FD-B40E-4FFF-940D-46C62771E133}.Release|Any CPU.Build.0 = Release|Any CPU
		{CEBA4A1D-9468-4020-A7B5-7A4A83250567}.Debug|Any CPU.ActiveCfg = Debug|Any CPU
		{CEBA4A1D-9468-4020-A7B5-7A4A83250567}.Debug|Any CPU.Build.0 = Debug|Any CPU
		{CEBA4A1D-9468-4020-A7B5-7A4A83250567}.Release|Any CPU.ActiveCfg = Release|Any CPU
		{CEBA4A1D-9468-4020-A7B5-7A4A83250567}.Release|Any CPU.Build.0 = Release|Any CPU
		{0C907EAF-7993-40D8-A022-938E01F7A4F9}.Debug|Any CPU.ActiveCfg = Debug|Any CPU
		{0C907EAF-7993-40D8-A022-938E01F7A4F9}.Debug|Any CPU.Build.0 = Debug|Any CPU
		{0C907EAF-7993-40D8-A022-938E01F7A4F9}.Release|Any CPU.ActiveCfg = Release|Any CPU
		{0C907EAF-7993-40D8-A022-938E01F7A4F9}.Release|Any CPU.Build.0 = Release|Any CPU
		{E365E76C-D34F-4594-B024-081FEFB337F0}.Debug|Any CPU.ActiveCfg = Debug|Any CPU
		{E365E76C-D34F-4594-B024-081FEFB337F0}.Debug|Any CPU.Build.0 = Debug|Any CPU
		{E365E76C-D34F-4594-B024-081FEFB337F0}.Release|Any CPU.ActiveCfg = Release|Any CPU
		{E365E76C-D34F-4594-B024-081FEFB337F0}.Release|Any CPU.Build.0 = Release|Any CPU
		{72EA3383-4EFD-4BAF-BA67-2467CDAB3E54}.Debug|Any CPU.ActiveCfg = Debug|Any CPU
		{72EA3383-4EFD-4BAF-BA67-2467CDAB3E54}.Debug|Any CPU.Build.0 = Debug|Any CPU
		{72EA3383-4EFD-4BAF-BA67-2467CDAB3E54}.Release|Any CPU.ActiveCfg = Release|Any CPU
		{72EA3383-4EFD-4BAF-BA67-2467CDAB3E54}.Release|Any CPU.Build.0 = Release|Any CPU
		{56A00526-940F-408A-964E-19DD5E26EAE9}.Debug|Any CPU.ActiveCfg = Debug|Any CPU
		{56A00526-940F-408A-964E-19DD5E26EAE9}.Debug|Any CPU.Build.0 = Debug|Any CPU
		{56A00526-940F-408A-964E-19DD5E26EAE9}.Release|Any CPU.ActiveCfg = Release|Any CPU
		{56A00526-940F-408A-964E-19DD5E26EAE9}.Release|Any CPU.Build.0 = Release|Any CPU
		{CAB18D5E-0EDF-4A0B-997C-B36E3F8AA686}.Debug|Any CPU.ActiveCfg = Debug|Any CPU
		{CAB18D5E-0EDF-4A0B-997C-B36E3F8AA686}.Debug|Any CPU.Build.0 = Debug|Any CPU
		{CAB18D5E-0EDF-4A0B-997C-B36E3F8AA686}.Release|Any CPU.ActiveCfg = Release|Any CPU
		{CAB18D5E-0EDF-4A0B-997C-B36E3F8AA686}.Release|Any CPU.Build.0 = Release|Any CPU
	EndGlobalSection
	GlobalSection(SolutionProperties) = preSolution
		HideSolutionNode = FALSE
	EndGlobalSection
	GlobalSection(NestedProjects) = preSolution
		{E433F8FD-B40E-4FFF-940D-46C62771E133} = {3F1BFCA9-A884-4AE2-90C3-0C42400B77FF}
		{CEBA4A1D-9468-4020-A7B5-7A4A83250567} = {AA73F17D-9470-4BBD-97CA-A8FBAA915910}
		{0C907EAF-7993-40D8-A022-938E01F7A4F9} = {512C360D-E0A5-472A-913D-20EA0D4C82A0}
		{E365E76C-D34F-4594-B024-081FEFB337F0} = {512C360D-E0A5-472A-913D-20EA0D4C82A0}
		{72EA3383-4EFD-4BAF-BA67-2467CDAB3E54} = {512C360D-E0A5-472A-913D-20EA0D4C82A0}
		{56A00526-940F-408A-964E-19DD5E26EAE9} = {2F851B93-CF71-4FC3-B264-2755F88BF661}
		{CAB18D5E-0EDF-4A0B-997C-B36E3F8AA686} = {2F851B93-CF71-4FC3-B264-2755F88BF661}
	EndGlobalSection
EndGlobal
